
Microsoft Visual Studio Solution File, Format Version 12.00
# Visual Studio Version 17
VisualStudioVersion = 17.5.002.0
MinimumVisualStudioVersion = 10.0.40219.1
Project("{9A19103F-16F7-4668-BE54-9A1E7A4F7556}") = "strona-layout", "strona-layout\strona-layout.csproj", "{D12D75BA-90C1-4994-9025-0FAB03C8F1EB}"
EndProject
Global
	GlobalSection(SolutionConfigurationPlatforms) = preSolution
		Debug|Any CPU = Debug|Any CPU
		Release|Any CPU = Release|Any CPU
	EndGlobalSection
	GlobalSection(ProjectConfigurationPlatforms) = postSolution
		{D12D75BA-90C1-4994-9025-0FAB03C8F1EB}.Debug|Any CPU.ActiveCfg = Debug|Any CPU
		{D12D75BA-90C1-4994-9025-0FAB03C8F1EB}.Debug|Any CPU.Build.0 = Debug|Any CPU
		{D12D75BA-90C1-4994-9025-0FAB03C8F1EB}.Release|Any CPU.ActiveCfg = Release|Any CPU
		{D12D75BA-90C1-4994-9025-0FAB03C8F1EB}.Release|Any CPU.Build.0 = Release|Any CPU
	EndGlobalSection
	GlobalSection(SolutionProperties) = preSolution
		HideSolutionNode = FALSE
	EndGlobalSection
	GlobalSection(ExtensibilityGlobals) = postSolution
		SolutionGuid = {6D2C4625-109D-49E0-8C5C-CD56B6B71A98}
	EndGlobalSection
EndGlobal
